{
  "requires": true,
  "lockfileVersion": 1,
  "dependencies": {
    "vue": {
      "version": "2.6.12",
      "resolved": "https://registry.nlark.com/vue/download/vue-2.6.12.tgz?cache=0&sync_timestamp=1620856192360&other_urls=https%3A%2F%2Fregistry.nlark.com%2Fvue%2Fdownload%2Fvue-2.6.12.tgz",
      "integrity": "sha1-9evU+mvShpQD4pqJau1JBEVskSM="
    }
  }
}
